schema: '2.0'
stages:
  preprocess:
    cmd: python .\src\preprocess_data.py
    deps:
    - path: .\src\preprocess_data.py
      hash: md5
      md5: 4576dae1c3cb3fa7bb12d542f69c6519
      size: 2686
  train:
    cmd: python .\src\train.py
    deps:
    - path: .\src\train.py
      hash: md5
      md5: d41d8cd98f00b204e9800998ecf8427e
      size: 0
  test:
    cmd: python .\src\test.py
    deps:
    - path: .\src\test.py
      hash: md5
      md5: d41d8cd98f00b204e9800998ecf8427e
      size: 0
